
Microsoft Visual Studio Solution File, Format Version 12.00
# Visual Studio Version 17
VisualStudioVersion = 17.3.32901.215
MinimumVisualStudioVersion = 10.0.40219.1
Project("{FAE04EC0-301F-11D3-BF4B-00C04F79EFBC}") = "LuaObfuscator", "LuaObfuscator\LuaObfuscator.csproj", "{8F1B29D7-779C-407C-9A37-343C1BD4247F}"
EndProject
Global
	GlobalSection(SolutionConfigurationPlatforms) = preSolution
		Debug|Any CPU = Debug|Any CPU
		Release|Any CPU = Release|Any CPU
	EndGlobalSection
	GlobalSection(ProjectConfigurationPlatforms) = postSolution
		{8F1B29D7-779C-407C-9A37-343C1BD4247F}.Debug|Any CPU.ActiveCfg = Debug|Any CPU
		{8F1B29D7-779C-407C-9A37-343C1BD4247F}.Debug|Any CPU.Build.0 = Debug|Any CPU
		{8F1B29D7-779C-407C-9A37-343C1BD4247F}.Release|Any CPU.ActiveCfg = Release|Any CPU
		{8F1B29D7-779C-407C-9A37-343C1BD4247F}.Release|Any CPU.Build.0 = Release|Any CPU
	EndGlobalSection
	GlobalSection(SolutionProperties) = preSolution
		HideSolutionNode = FALSE
	EndGlobalSection
	GlobalSection(ExtensibilityGlobals) = postSolution
		SolutionGuid = {ED6DAA99-3467-4272-A742-D6BD780A1C41}
	EndGlobalSection
EndGlobal
