
Microsoft Visual Studio Solution File, Format Version 12.00
# Visual Studio Version 17
VisualStudioVersion = 17.3.32901.215
MinimumVisualStudioVersion = 10.0.40219.1
Project("{FAE04EC0-301F-11D3-BF4B-00C04F79EFBC}") = "LuaObfuscator", "LuaObfuscator\LuaObfuscator.csproj", "{59864349-5287-49DF-B88F-EA7A6A3F6893}"
EndProject
Global
	GlobalSection(SolutionConfigurationPlatforms) = preSolution
		Debug|Any CPU = Debug|Any CPU
		Release|Any CPU = Release|Any CPU
	EndGlobalSection
	GlobalSection(ProjectConfigurationPlatforms) = postSolution
		{59864349-5287-49DF-B88F-EA7A6A3F6893}.Debug|Any CPU.ActiveCfg = Debug|Any CPU
		{59864349-5287-49DF-B88F-EA7A6A3F6893}.Debug|Any CPU.Build.0 = Debug|Any CPU
		{59864349-5287-49DF-B88F-EA7A6A3F6893}.Release|Any CPU.ActiveCfg = Release|Any CPU
		{59864349-5287-49DF-B88F-EA7A6A3F6893}.Release|Any CPU.Build.0 = Release|Any CPU
	EndGlobalSection
	GlobalSection(SolutionProperties) = preSolution
		HideSolutionNode = FALSE
	EndGlobalSection
	GlobalSection(ExtensibilityGlobals) = postSolution
		SolutionGuid = {059994A0-AE2E-4810-8CE0-D4C898F3CAC0}
	EndGlobalSection
EndGlobal
